# This file is automatically @generated by Cargo.
# It is not intended for manual editing.
version = 3

[[package]]
name = "bls-signature-sgx"
version = "0.8.0"
dependencies = [
 "hex",
 "serde",
 "serde_derive",
 "serde_json",
 "sgx_alloc 1.1.5 (git+https://github.com/apache/incubator-teaclave-sgx-sdk?tag=v1.1.5)",
 "sgx_rand",
 "sgx_tstd 1.1.5 (git+https://github.com/apache/incubator-teaclave-sgx-sdk?tag=v1.1.5)",
 "sgx_tunittest",
 "sgx_types 1.1.5 (git+https://github.com/apache/incubator-teaclave-sgx-sdk?tag=v1.1.5)",
]

[[package]]
name = "cc"
version = "1.0.73"
source = "registry+https://github.com/rust-lang/crates.io-index"
checksum = "2fff2a6927b3bb87f9595d67196a70493f627687a71d87a0d692242c33f58c11"

[[package]]
name = "hashbrown_tstd"
version = "0.9.0"
source = "git+https://github.com/apache/teaclave-sgx-sdk.git?rev=v1.1.3#a6a172e652b4db4eaa17e4faa078fda8922abdd0"

[[package]]
name = "hashbrown_tstd"
version = "0.12.0"
source = "git+https://github.com/apache/incubator-teaclave-sgx-sdk?tag=v1.1.5#d2d339cbb005f676bb700059bd51dc689c025f6b"

[[package]]
name = "hashbrown_tstd"
version = "0.12.0"
source = "git+https://github.com/apache/teaclave-sgx-sdk.git?rev=v1.1.5#d2d339cbb005f676bb700059bd51dc689c025f6b"

[[package]]
name = "hex"
version = "0.4.0"
source = "git+https://github.com/mesalock-linux/rust-hex-sgx?tag=sgx_1.1.3#ee3266cd29b9f9c2eb69af9487f55c4f09c38f2b"
dependencies = [
 "sgx_tstd 1.1.3",
]

[[package]]
name = "itoa"
version = "0.4.5"
source = "git+https://github.com/mesalock-linux/itoa-sgx#295ee451f5ec74f25c299552b481beb445ea3eb7"
dependencies = [
 "sgx_tstd 1.1.3",
]

[[package]]
name = "proc-macro2"
version = "1.0.19"
source = "registry+https://github.com/rust-lang/crates.io-index"
checksum = "04f5f085b5d71e2188cb8271e5da0161ad52c3f227a661a3c135fdf28e258b12"
dependencies = [
 "unicode-xid",
]

[[package]]
name = "quote"
version = "1.0.7"
source = "registry+https://github.com/rust-lang/crates.io-index"
checksum = "aa563d17ecb180e500da1cfd2b028310ac758de548efdd203e18f283af693f37"
dependencies = [
 "proc-macro2",
]

[[package]]
name = "ryu"
version = "1.0.5"
source = "registry+https://github.com/rust-lang/crates.io-index"
checksum = "71d301d4193d031abdd79ff7e3dd721168a9572ef3fe51a1517aba235bd8f86e"

[[package]]
name = "serde"
version = "1.0.118"
source = "git+https://github.com/mesalock-linux/serde-sgx#db0226f1d5d70fca6b96af2c285851502204e21c"
dependencies = [
 "serde_derive",
 "sgx_tstd 1.1.3",
]

[[package]]
name = "serde_derive"
version = "1.0.118"
source = "git+https://github.com/mesalock-linux/serde-sgx#db0226f1d5d70fca6b96af2c285851502204e21c"
dependencies = [
 "proc-macro2",
 "quote",
 "syn",
]

[[package]]
name = "serde_json"
version = "1.0.60"
source = "git+https://github.com/mesalock-linux/serde-json-sgx#380893814ad2a057758d825bab798aa117f7362a"
dependencies = [
 "itoa",
 "ryu",
 "serde",
 "sgx_tstd 1.1.3",
]

[[package]]
name = "sgx_alloc"
version = "1.1.3"
source = "git+https://github.com/apache/teaclave-sgx-sdk.git?rev=v1.1.3#a6a172e652b4db4eaa17e4faa078fda8922abdd0"

[[package]]
name = "sgx_alloc"
version = "1.1.5"
source = "git+https://github.com/apache/incubator-teaclave-sgx-sdk?tag=v1.1.5#d2d339cbb005f676bb700059bd51dc689c025f6b"

[[package]]
name = "sgx_alloc"
version = "1.1.5"
source = "git+https://github.com/apache/teaclave-sgx-sdk.git?rev=v1.1.5#d2d339cbb005f676bb700059bd51dc689c025f6b"

[[package]]
name = "sgx_backtrace_sys"
version = "1.1.3"
source = "git+https://github.com/apache/teaclave-sgx-sdk.git?rev=v1.1.3#a6a172e652b4db4eaa17e4faa078fda8922abdd0"
dependencies = [
 "cc",
 "sgx_build_helper 0.1.3",
 "sgx_libc 1.1.3",
]

[[package]]
name = "sgx_backtrace_sys"
version = "1.1.5"
source = "git+https://github.com/apache/incubator-teaclave-sgx-sdk?tag=v1.1.5#d2d339cbb005f676bb700059bd51dc689c025f6b"
dependencies = [
 "cc",
 "sgx_build_helper 1.1.5 (git+https://github.com/apache/incubator-teaclave-sgx-sdk?tag=v1.1.5)",
 "sgx_libc 1.1.5 (git+https://github.com/apache/incubator-teaclave-sgx-sdk?tag=v1.1.5)",
]

[[package]]
name = "sgx_backtrace_sys"
version = "1.1.5"
source = "git+https://github.com/apache/teaclave-sgx-sdk.git?rev=v1.1.5#d2d339cbb005f676bb700059bd51dc689c025f6b"
dependencies = [
 "cc",
 "sgx_build_helper 1.1.5 (git+https://github.com/apache/teaclave-sgx-sdk.git?rev=v1.1.5)",
 "sgx_libc 1.1.5 (git+https://github.com/apache/teaclave-sgx-sdk.git?rev=v1.1.5)",
]

[[package]]
name = "sgx_build_helper"
version = "0.1.3"
source = "git+https://github.com/apache/teaclave-sgx-sdk.git?rev=v1.1.3#a6a172e652b4db4eaa17e4faa078fda8922abdd0"

[[package]]
name = "sgx_build_helper"
version = "1.1.5"
source = "git+https://github.com/apache/incubator-teaclave-sgx-sdk?tag=v1.1.5#d2d339cbb005f676bb700059bd51dc689c025f6b"

[[package]]
name = "sgx_build_helper"
version = "1.1.5"
source = "git+https://github.com/apache/teaclave-sgx-sdk.git?rev=v1.1.5#d2d339cbb005f676bb700059bd51dc689c025f6b"

[[package]]
name = "sgx_demangle"
version = "1.1.3"
source = "git+https://github.com/apache/teaclave-sgx-sdk.git?rev=v1.1.3#a6a172e652b4db4eaa17e4faa078fda8922abdd0"

[[package]]
name = "sgx_demangle"
version = "1.1.5"
source = "git+https://github.com/apache/incubator-teaclave-sgx-sdk?tag=v1.1.5#d2d339cbb005f676bb700059bd51dc689c025f6b"

[[package]]
name = "sgx_demangle"
version = "1.1.5"
source = "git+https://github.com/apache/teaclave-sgx-sdk.git?rev=v1.1.5#d2d339cbb005f676bb700059bd51dc689c025f6b"

[[package]]
name = "sgx_libc"
version = "1.1.3"
source = "git+https://github.com/apache/teaclave-sgx-sdk.git?rev=v1.1.3#a6a172e652b4db4eaa17e4faa078fda8922abdd0"
dependencies = [
 "sgx_types 1.1.3",
]

[[package]]
name = "sgx_libc"
version = "1.1.5"
source = "git+https://github.com/apache/incubator-teaclave-sgx-sdk?tag=v1.1.5#d2d339cbb005f676bb700059bd51dc689c025f6b"
dependencies = [
 "sgx_types 1.1.5 (git+https://github.com/apache/incubator-teaclave-sgx-sdk?tag=v1.1.5)",
]

[[package]]
name = "sgx_libc"
version = "1.1.5"
source = "git+https://github.com/apache/teaclave-sgx-sdk.git?rev=v1.1.5#d2d339cbb005f676bb700059bd51dc689c025f6b"
dependencies = [
 "sgx_types 1.1.5 (git+https://github.com/apache/teaclave-sgx-sdk.git?rev=v1.1.5)",
]

[[package]]
name = "sgx_rand"
version = "1.1.5"
source = "git+https://github.com/apache/teaclave-sgx-sdk.git?rev=v1.1.5#d2d339cbb005f676bb700059bd51dc689c025f6b"
dependencies = [
 "sgx_trts 1.1.5 (git+https://github.com/apache/teaclave-sgx-sdk.git?rev=v1.1.5)",
 "sgx_tstd 1.1.5 (git+https://github.com/apache/teaclave-sgx-sdk.git?rev=v1.1.5)",
 "sgx_types 1.1.5 (git+https://github.com/apache/teaclave-sgx-sdk.git?rev=v1.1.5)",
]

[[package]]
name = "sgx_tprotected_fs"
version = "1.1.3"
source = "git+https://github.com/apache/teaclave-sgx-sdk.git?rev=v1.1.3#a6a172e652b4db4eaa17e4faa078fda8922abdd0"
dependencies = [
 "sgx_trts 1.1.3",
 "sgx_types 1.1.3",
]

[[package]]
name = "sgx_tprotected_fs"
version = "1.1.5"
source = "git+https://github.com/apache/incubator-teaclave-sgx-sdk?tag=v1.1.5#d2d339cbb005f676bb700059bd51dc689c025f6b"
dependencies = [
 "sgx_trts 1.1.5 (git+https://github.com/apache/incubator-teaclave-sgx-sdk?tag=v1.1.5)",
 "sgx_types 1.1.5 (git+https://github.com/apache/incubator-teaclave-sgx-sdk?tag=v1.1.5)",
]

[[package]]
name = "sgx_tprotected_fs"
version = "1.1.5"
source = "git+https://github.com/apache/teaclave-sgx-sdk.git?rev=v1.1.5#d2d339cbb005f676bb700059bd51dc689c025f6b"
dependencies = [
 "sgx_trts 1.1.5 (git+https://github.com/apache/teaclave-sgx-sdk.git?rev=v1.1.5)",
 "sgx_types 1.1.5 (git+https://github.com/apache/teaclave-sgx-sdk.git?rev=v1.1.5)",
]

[[package]]
name = "sgx_trts"
version = "1.1.3"
source = "git+https://github.com/apache/teaclave-sgx-sdk.git?rev=v1.1.3#a6a172e652b4db4eaa17e4faa078fda8922abdd0"
dependencies = [
 "sgx_libc 1.1.3",
 "sgx_types 1.1.3",
]

[[package]]
name = "sgx_trts"
version = "1.1.5"
source = "git+https://github.com/apache/incubator-teaclave-sgx-sdk?tag=v1.1.5#d2d339cbb005f676bb700059bd51dc689c025f6b"
dependencies = [
 "sgx_libc 1.1.5 (git+https://github.com/apache/incubator-teaclave-sgx-sdk?tag=v1.1.5)",
 "sgx_types 1.1.5 (git+https://github.com/apache/incubator-teaclave-sgx-sdk?tag=v1.1.5)",
]

[[package]]
name = "sgx_trts"
version = "1.1.5"
source = "git+https://github.com/apache/teaclave-sgx-sdk.git?rev=v1.1.5#d2d339cbb005f676bb700059bd51dc689c025f6b"
dependencies = [
 "sgx_libc 1.1.5 (git+https://github.com/apache/teaclave-sgx-sdk.git?rev=v1.1.5)",
 "sgx_types 1.1.5 (git+https://github.com/apache/teaclave-sgx-sdk.git?rev=v1.1.5)",
]

[[package]]
name = "sgx_tstd"
version = "1.1.3"
source = "git+https://github.com/apache/teaclave-sgx-sdk.git?rev=v1.1.3#a6a172e652b4db4eaa17e4faa078fda8922abdd0"
dependencies = [
 "hashbrown_tstd 0.9.0",
 "sgx_alloc 1.1.3",
 "sgx_backtrace_sys 1.1.3",
 "sgx_demangle 1.1.3",
 "sgx_libc 1.1.3",
 "sgx_tprotected_fs 1.1.3",
 "sgx_trts 1.1.3",
 "sgx_types 1.1.3",
 "sgx_unwind 0.1.1",
]

[[package]]
name = "sgx_tstd"
version = "1.1.5"
source = "git+https://github.com/apache/incubator-teaclave-sgx-sdk?tag=v1.1.5#d2d339cbb005f676bb700059bd51dc689c025f6b"
dependencies = [
 "hashbrown_tstd 0.12.0 (git+https://github.com/apache/incubator-teaclave-sgx-sdk?tag=v1.1.5)",
 "sgx_alloc 1.1.5 (git+https://github.com/apache/incubator-teaclave-sgx-sdk?tag=v1.1.5)",
 "sgx_backtrace_sys 1.1.5 (git+https://github.com/apache/incubator-teaclave-sgx-sdk?tag=v1.1.5)",
 "sgx_demangle 1.1.5 (git+https://github.com/apache/incubator-teaclave-sgx-sdk?tag=v1.1.5)",
 "sgx_libc 1.1.5 (git+https://github.com/apache/incubator-teaclave-sgx-sdk?tag=v1.1.5)",
 "sgx_tprotected_fs 1.1.5 (git+https://github.com/apache/incubator-teaclave-sgx-sdk?tag=v1.1.5)",
 "sgx_trts 1.1.5 (git+https://github.com/apache/incubator-teaclave-sgx-sdk?tag=v1.1.5)",
 "sgx_types 1.1.5 (git+https://github.com/apache/incubator-teaclave-sgx-sdk?tag=v1.1.5)",
 "sgx_unwind 1.1.5 (git+https://github.com/apache/incubator-teaclave-sgx-sdk?tag=v1.1.5)",
]

[[package]]
name = "sgx_tstd"
version = "1.1.5"
source = "git+https://github.com/apache/teaclave-sgx-sdk.git?rev=v1.1.5#d2d339cbb005f676bb700059bd51dc689c025f6b"
dependencies = [
 "hashbrown_tstd 0.12.0 (git+https://github.com/apache/teaclave-sgx-sdk.git?rev=v1.1.5)",
 "sgx_alloc 1.1.5 (git+https://github.com/apache/teaclave-sgx-sdk.git?rev=v1.1.5)",
 "sgx_backtrace_sys 1.1.5 (git+https://github.com/apache/teaclave-sgx-sdk.git?rev=v1.1.5)",
 "sgx_demangle 1.1.5 (git+https://github.com/apache/teaclave-sgx-sdk.git?rev=v1.1.5)",
 "sgx_libc 1.1.5 (git+https://github.com/apache/teaclave-sgx-sdk.git?rev=v1.1.5)",
 "sgx_tprotected_fs 1.1.5 (git+https://github.com/apache/teaclave-sgx-sdk.git?rev=v1.1.5)",
 "sgx_trts 1.1.5 (git+https://github.com/apache/teaclave-sgx-sdk.git?rev=v1.1.5)",
 "sgx_types 1.1.5 (git+https://github.com/apache/teaclave-sgx-sdk.git?rev=v1.1.5)",
 "sgx_unwind 1.1.5 (git+https://github.com/apache/teaclave-sgx-sdk.git?rev=v1.1.5)",
]

[[package]]
name = "sgx_tunittest"
version = "1.1.5"
source = "git+https://github.com/apache/incubator-teaclave-sgx-sdk?tag=v1.1.5#d2d339cbb005f676bb700059bd51dc689c025f6b"
dependencies = [
 "sgx_tstd 1.1.5 (git+https://github.com/apache/incubator-teaclave-sgx-sdk?tag=v1.1.5)",
]

[[package]]
name = "sgx_types"
version = "1.1.3"
source = "git+https://github.com/apache/teaclave-sgx-sdk.git?rev=v1.1.3#a6a172e652b4db4eaa17e4faa078fda8922abdd0"

[[package]]
name = "sgx_types"
version = "1.1.5"
source = "git+https://github.com/apache/incubator-teaclave-sgx-sdk?tag=v1.1.5#d2d339cbb005f676bb700059bd51dc689c025f6b"

[[package]]
name = "sgx_types"
version = "1.1.5"
source = "git+https://github.com/apache/teaclave-sgx-sdk.git?rev=v1.1.5#d2d339cbb005f676bb700059bd51dc689c025f6b"

[[package]]
name = "sgx_unwind"
version = "0.1.1"
source = "git+https://github.com/apache/teaclave-sgx-sdk.git?rev=v1.1.3#a6a172e652b4db4eaa17e4faa078fda8922abdd0"
dependencies = [
 "sgx_build_helper 0.1.3",
]

[[package]]
name = "sgx_unwind"
version = "1.1.5"
source = "git+https://github.com/apache/incubator-teaclave-sgx-sdk?tag=v1.1.5#d2d339cbb005f676bb700059bd51dc689c025f6b"
dependencies = [
 "sgx_build_helper 1.1.5 (git+https://github.com/apache/incubator-teaclave-sgx-sdk?tag=v1.1.5)",
]

[[package]]
name = "sgx_unwind"
version = "1.1.5"
source = "git+https://github.com/apache/teaclave-sgx-sdk.git?rev=v1.1.5#d2d339cbb005f676bb700059bd51dc689c025f6b"
dependencies = [
 "sgx_build_helper 1.1.5 (git+https://github.com/apache/teaclave-sgx-sdk.git?rev=v1.1.5)",
]

[[package]]
name = "syn"
version = "1.0.36"
source = "registry+https://github.com/rust-lang/crates.io-index"
checksum = "4cdb98bcb1f9d81d07b536179c269ea15999b5d14ea958196413869445bb5250"
dependencies = [
 "proc-macro2",
 "quote",
 "unicode-xid",
]

[[package]]
name = "unicode-xid"
version = "0.2.1"
source = "registry+https://github.com/rust-lang/crates.io-index"
checksum = "f7fe0bb3479651439c9112f72b6c505038574c9fbb575ed1bf3b797fa39dd564"
